
Microsoft Visual Studio Solution File, Format Version 12.00
# Visual Studio 15
VisualStudioVersion = 15.0.28010.2036
MinimumVisualStudioVersion = 10.0.40219.1
Project("{FAE04EC0-301F-11D3-BF4B-00C04F79EFBC}") = "TreeStats", "TreeStats.csproj", "{5FA205D7-A899-400D-B6DA-3B18C02BE599}"
EndProject
Global
	GlobalSection(SolutionConfigurationPlatforms) = preSolution
		Debug|Any CPU = Debug|Any CPU
		Release|Any CPU = Release|Any CPU
	EndGlobalSection
	GlobalSection(ProjectConfigurationPlatforms) = postSolution
		{5FA205D7-A899-400D-B6DA-3B18C02BE599}.Debug|Any CPU.ActiveCfg = Debug|Any CPU
		{5FA205D7-A899-400D-B6DA-3B18C02BE599}.Debug|Any CPU.Build.0 = Debug|Any CPU
		{5FA205D7-A899-400D-B6DA-3B18C02BE599}.Release|Any CPU.ActiveCfg = Release|Any CPU
		{5FA205D7-A899-400D-B6DA-3B18C02BE599}.Release|Any CPU.Build.0 = Release|Any CPU
	EndGlobalSection
	GlobalSection(SolutionProperties) = preSolution
		HideSolutionNode = FALSE
	EndGlobalSection
	GlobalSection(ExtensibilityGlobals) = postSolution
		SolutionGuid = {5E791175-6554-46E5-A5A3-6EBC031821A3}
	EndGlobalSection
EndGlobal
